
Microsoft Visual Studio Solution File, Format Version 12.00
# Visual Studio 2012
Project("{FAE04EC0-301F-11D3-BF4B-00C04F79EFBC}") = "InteropDotNet", "InteropDotNet\InteropDotNet.csproj", "{286E14DB-AECC-4870-8F11-FD5AEC44F4CA}"
EndProject
Project("{FAE04EC0-301F-11D3-BF4B-00C04F79EFBC}") = "ManagedApplication", "Sample\ManagedApplication\ManagedApplication.csproj", "{B0D5631B-3032-43E5-B905-5EE1C6F0DA28}"
EndProject
Global
	GlobalSection(SolutionConfigurationPlatforms) = preSolution
		Debug|Any CPU = Debug|Any CPU
		Release|Any CPU = Release|Any CPU
	EndGlobalSection
	GlobalSection(ProjectConfigurationPlatforms) = postSolution
		{286E14DB-AECC-4870-8F11-FD5AEC44F4CA}.Debug|Any CPU.ActiveCfg = Debug|Any CPU
		{286E14DB-AECC-4870-8F11-FD5AEC44F4CA}.Debug|Any CPU.Build.0 = Debug|Any CPU
		{286E14DB-AECC-4870-8F11-FD5AEC44F4CA}.Release|Any CPU.ActiveCfg = Release|Any CPU
		{286E14DB-AECC-4870-8F11-FD5AEC44F4CA}.Release|Any CPU.Build.0 = Release|Any CPU
		{B0D5631B-3032-43E5-B905-5EE1C6F0DA28}.Debug|Any CPU.ActiveCfg = Debug|Any CPU
		{B0D5631B-3032-43E5-B905-5EE1C6F0DA28}.Debug|Any CPU.Build.0 = Debug|Any CPU
		{B0D5631B-3032-43E5-B905-5EE1C6F0DA28}.Release|Any CPU.ActiveCfg = Release|Any CPU
		{B0D5631B-3032-43E5-B905-5EE1C6F0DA28}.Release|Any CPU.Build.0 = Release|Any CPU
	EndGlobalSection
	GlobalSection(SolutionProperties) = preSolution
		HideSolutionNode = FALSE
	EndGlobalSection
EndGlobal
